
Microsoft Visual Studio Solution File, Format Version 12.00
# Visual Studio Version 17
VisualStudioVersion = 17.1.32414.318
MinimumVisualStudioVersion = 10.0.40219.1
Project("{2150E333-8FDC-42A3-9474-1A3956D46DE8}") = "Core", "Core", "{65552297-33D2-4AE8-8E56-C9F19BD2669B}"
EndProject
Project("{9A19103F-16F7-4668-BE54-9A1E7A4F7556}") = "Lipar.Core.Domain", "src\Lipar.Core.Domain\Lipar.Core.Domain.csproj", "{66B214CE-D352-41CE-B66C-03CCE585ED79}"
EndProject
Project("{9A19103F-16F7-4668-BE54-9A1E7A4F7556}") = "Lipar.Core.Application", "src\Lipar.Core.Application\Lipar.Core.Application.csproj", "{6CD893EE-3965-4485-B740-CF533A833639}"
EndProject
Project("{2150E333-8FDC-42A3-9474-1A3956D46DE8}") = "Infrastructure", "Infrastructure", "{7CB9B90B-ADFB-4B9F-B213-6317F6B57C56}"
EndProject
Project("{2150E333-8FDC-42A3-9474-1A3956D46DE8}") = "Data", "Data", "{56B67CEE-71CA-491E-8518-78DF48360CE9}"
EndProject
Project("{9A19103F-16F7-4668-BE54-9A1E7A4F7556}") = "Lipar.Infrastructure.Data.SqlServer", "src\Lipar.Infrastructure.Data.SqlServer\Lipar.Infrastructure.Data.SqlServer.csproj", "{72B82BDC-C1D8-4D55-9488-93F861F9C1C7}"
EndProject
Project("{2150E333-8FDC-42A3-9474-1A3956D46DE8}") = "Presentation", "Presentation", "{D1E6F0E0-0D43-4DBF-A2DE-854BFD65BF96}"
EndProject
Project("{9A19103F-16F7-4668-BE54-9A1E7A4F7556}") = "Lipar.Presentation.Api", "src\Lipar.Presentation.Api\Lipar.Presentation.Api.csproj", "{F6BAD055-A13C-4B5D-83D6-9ED49667C0BF}"
EndProject
Project("{2150E333-8FDC-42A3-9474-1A3956D46DE8}") = "Tools", "Tools", "{16DB0E26-E59E-4D88-B842-8DEA1845794B}"
EndProject
Project("{9A19103F-16F7-4668-BE54-9A1E7A4F7556}") = "Lipar.Infrastructure.Tools.Utilities", "src\Lipar.Infrastructure.Tools.Utilities\Lipar.Infrastructure.Tools.Utilities.csproj", "{D5063F0E-2722-4A26-BE4D-D1A5F23AA7BE}"
EndProject
Project("{9A19103F-16F7-4668-BE54-9A1E7A4F7556}") = "Lipar.Infrastructure.Tools.IoC", "src\Lipar.Infrastructure.Tools.IoC\Lipar.Infrastructure.Tools.IoC.csproj", "{278AA0E5-0F9D-4876-9DEB-CDA074BFB229}"
EndProject
Project("{2150E333-8FDC-42A3-9474-1A3956D46DE8}") = "src", "src", "{68FBF1E4-8B7C-475D-8623-68CA07D02E83}"
EndProject
Project("{2150E333-8FDC-42A3-9474-1A3956D46DE8}") = "sample", "sample", "{2E6864AF-3629-4575-AC8D-E857DEFEC298}"
EndProject
Project("{2150E333-8FDC-42A3-9474-1A3956D46DE8}") = "Core", "Core", "{A46EDE0B-2111-48AC-BC80-288A36AA82E0}"
EndProject
Project("{9A19103F-16F7-4668-BE54-9A1E7A4F7556}") = "Market.Core.Domain", "sample\Market.Core.Domain\Market.Core.Domain.csproj", "{9663E74A-04F1-473B-A64B-ACC102751AB7}"
EndProject
Project("{9A19103F-16F7-4668-BE54-9A1E7A4F7556}") = "Market.Core.Application", "sample\Market.Core.Application\Market.Core.Application.csproj", "{2AAE4FA2-013D-40B5-8F6B-BE74B695312C}"
EndProject
Project("{2150E333-8FDC-42A3-9474-1A3956D46DE8}") = "Infrastructure", "Infrastructure", "{FAB98041-63D2-4994-B82C-B9521B7F73A7}"
EndProject
Project("{2150E333-8FDC-42A3-9474-1A3956D46DE8}") = "Data", "Data", "{72CE32A1-34E9-4CFD-8601-519FDD33D264}"
EndProject
Project("{9A19103F-16F7-4668-BE54-9A1E7A4F7556}") = "Market.Infrastructure.Data.SqlServer.Commands", "sample\Market.Infrastructure.Data.SqlServer.Commands\Market.Infrastructure.Data.SqlServer.Commands.csproj", "{19C345A1-009E-4B17-800B-1CFC552A1BA9}"
EndProject
Project("{9A19103F-16F7-4668-BE54-9A1E7A4F7556}") = "Market.Infrastructure.Data.SqlServer.Queries", "sample\Market.Infrastructure.Data.SqlServer.Queries\Market.Infrastructure.Data.SqlServer.Queries.csproj", "{72348769-24B4-4751-98F0-B752407CB00E}"
EndProject
Project("{2150E333-8FDC-42A3-9474-1A3956D46DE8}") = "Presentation", "Presentation", "{1C00D48C-3626-4939-AB02-3125AD79B478}"
EndProject
Project("{9A19103F-16F7-4668-BE54-9A1E7A4F7556}") = "Market.Presentation.Api", "sample\Market.Presentation.Api\Market.Presentation.Api.csproj", "{138FAB02-6DDB-4F96-B04A-376C1AC37C33}"
EndProject
Project("{2150E333-8FDC-42A3-9474-1A3956D46DE8}") = "tests", "tests", "{3F409B32-DB79-41E2-ADF2-AA4D0F041489}"
EndProject
Project("{9A19103F-16F7-4668-BE54-9A1E7A4F7556}") = "Lipar.Core.Contract", "src\Lipar.Core.Contract\Lipar.Core.Contract.csproj", "{1314C18A-B7DE-4489-A625-C978CDA5605F}"
EndProject
Project("{2150E333-8FDC-42A3-9474-1A3956D46DE8}") = "Events", "Events", "{575CF619-CACD-4109-86F5-5C7F1C5F9E34}"
EndProject
Project("{9A19103F-16F7-4668-BE54-9A1E7A4F7556}") = "Lipar.Infrastructure.Events.RabbitMQ", "src\Lipar.Infrastructure.Events.RabbitMQ\Lipar.Infrastructure.Events.RabbitMQ.csproj", "{A7CD8CC1-F568-4E52-8C3A-6DCBF9BDA6C0}"
EndProject
Project("{9A19103F-16F7-4668-BE54-9A1E7A4F7556}") = "Market.Infrastructure.Data.Identity", "sample\Market.Infrastructure.Data.Identity\Market.Infrastructure.Data.Identity.csproj", "{578D3A4C-B4F1-444D-B569-A38EA01A7E13}"
EndProject
Project("{9A19103F-16F7-4668-BE54-9A1E7A4F7556}") = "Lipar.Infrastructure.Tools.Localize.Parrot", "src\Lipar.Infrastructure.Tools.Localize.Parrot\Lipar.Infrastructure.Tools.Localize.Parrot.csproj", "{2028E36D-A662-4CCB-B51B-F39D3E92C487}"
EndProject
Project("{9A19103F-16F7-4668-BE54-9A1E7A4F7556}") = "Lipar.Infrastructure.Events.Kafka", "src\Lipar.Infrastructure.Events.Kafka\Lipar.Infrastructure.Events.Kafka.csproj", "{F81E7A67-157E-48EA-B516-5D429CD2E340}"
EndProject
Project("{9A19103F-16F7-4668-BE54-9A1E7A4F7556}") = "Lipar.Infrastructure.Data.Mongo", "src\Lipar.Infrastructure.Data.Mongo\Lipar.Infrastructure.Data.Mongo.csproj", "{DEEEBFA9-F4CF-4896-B565-D339133000FE}"
EndProject
Project("{9A19103F-16F7-4668-BE54-9A1E7A4F7556}") = "Market.Infrastructure.Data.Mongo.Commands", "sample\Market.Infrastructure.Data.Mongo.Commands\Market.Infrastructure.Data.Mongo.Commands.csproj", "{07715F2D-2671-4852-9F15-349F2282DD1E}"
EndProject
Project("{9A19103F-16F7-4668-BE54-9A1E7A4F7556}") = "Lipar.Presentation.Api.IntegrationTest", "tests\Lipar.Presentation.Api.IntegrationTest\Lipar.Presentation.Api.IntegrationTest.csproj", "{A3E248E9-7668-4A62-97F3-2FFD316F1D66}"
EndProject
Project("{2150E333-8FDC-42A3-9474-1A3956D46DE8}") = "Tests", "Tests", "{E7A2BF93-6025-4E2B-BF9C-A07A6ECC9F66}"
EndProject
Global
	GlobalSection(SolutionConfigurationPlatforms) = preSolution
		Debug|Any CPU = Debug|Any CPU
		Release|Any CPU = Release|Any CPU
	EndGlobalSection
	GlobalSection(ProjectConfigurationPlatforms) = postSolution
		{66B214CE-D352-41CE-B66C-03CCE585ED79}.Debug|Any CPU.ActiveCfg = Debug|Any CPU
		{66B214CE-D352-41CE-B66C-03CCE585ED79}.Debug|Any CPU.Build.0 = Debug|Any CPU
		{66B214CE-D352-41CE-B66C-03CCE585ED79}.Release|Any CPU.ActiveCfg = Release|Any CPU
		{66B214CE-D352-41CE-B66C-03CCE585ED79}.Release|Any CPU.Build.0 = Release|Any CPU
		{6CD893EE-3965-4485-B740-CF533A833639}.Debug|Any CPU.ActiveCfg = Debug|Any CPU
		{6CD893EE-3965-4485-B740-CF533A833639}.Debug|Any CPU.Build.0 = Debug|Any CPU
		{6CD893EE-3965-4485-B740-CF533A833639}.Release|Any CPU.ActiveCfg = Release|Any CPU
		{6CD893EE-3965-4485-B740-CF533A833639}.Release|Any CPU.Build.0 = Release|Any CPU
		{72B82BDC-C1D8-4D55-9488-93F861F9C1C7}.Debug|Any CPU.ActiveCfg = Debug|Any CPU
		{72B82BDC-C1D8-4D55-9488-93F861F9C1C7}.Debug|Any CPU.Build.0 = Debug|Any CPU
		{72B82BDC-C1D8-4D55-9488-93F861F9C1C7}.Release|Any CPU.ActiveCfg = Release|Any CPU
		{72B82BDC-C1D8-4D55-9488-93F861F9C1C7}.Release|Any CPU.Build.0 = Release|Any CPU
		{F6BAD055-A13C-4B5D-83D6-9ED49667C0BF}.Debug|Any CPU.ActiveCfg = Debug|Any CPU
		{F6BAD055-A13C-4B5D-83D6-9ED49667C0BF}.Debug|Any CPU.Build.0 = Debug|Any CPU
		{F6BAD055-A13C-4B5D-83D6-9ED49667C0BF}.Release|Any CPU.ActiveCfg = Release|Any CPU
		{F6BAD055-A13C-4B5D-83D6-9ED49667C0BF}.Release|Any CPU.Build.0 = Release|Any CPU
		{D5063F0E-2722-4A26-BE4D-D1A5F23AA7BE}.Debug|Any CPU.ActiveCfg = Debug|Any CPU
		{D5063F0E-2722-4A26-BE4D-D1A5F23AA7BE}.Debug|Any CPU.Build.0 = Debug|Any CPU
		{D5063F0E-2722-4A26-BE4D-D1A5F23AA7BE}.Release|Any CPU.ActiveCfg = Release|Any CPU
		{D5063F0E-2722-4A26-BE4D-D1A5F23AA7BE}.Release|Any CPU.Build.0 = Release|Any CPU
		{278AA0E5-0F9D-4876-9DEB-CDA074BFB229}.Debug|Any CPU.ActiveCfg = Debug|Any CPU
		{278AA0E5-0F9D-4876-9DEB-CDA074BFB229}.Debug|Any CPU.Build.0 = Debug|Any CPU
		{278AA0E5-0F9D-4876-9DEB-CDA074BFB229}.Release|Any CPU.ActiveCfg = Release|Any CPU
		{278AA0E5-0F9D-4876-9DEB-CDA074BFB229}.Release|Any CPU.Build.0 = Release|Any CPU
		{9663E74A-04F1-473B-A64B-ACC102751AB7}.Debug|Any CPU.ActiveCfg = Debug|Any CPU
		{9663E74A-04F1-473B-A64B-ACC102751AB7}.Debug|Any CPU.Build.0 = Debug|Any CPU
		{9663E74A-04F1-473B-A64B-ACC102751AB7}.Release|Any CPU.ActiveCfg = Release|Any CPU
		{9663E74A-04F1-473B-A64B-ACC102751AB7}.Release|Any CPU.Build.0 = Release|Any CPU
		{2AAE4FA2-013D-40B5-8F6B-BE74B695312C}.Debug|Any CPU.ActiveCfg = Debug|Any CPU
		{2AAE4FA2-013D-40B5-8F6B-BE74B695312C}.Debug|Any CPU.Build.0 = Debug|Any CPU
		{2AAE4FA2-013D-40B5-8F6B-BE74B695312C}.Release|Any CPU.ActiveCfg = Release|Any CPU
		{2AAE4FA2-013D-40B5-8F6B-BE74B695312C}.Release|Any CPU.Build.0 = Release|Any CPU
		{19C345A1-009E-4B17-800B-1CFC552A1BA9}.Debug|Any CPU.ActiveCfg = Debug|Any CPU
		{19C345A1-009E-4B17-800B-1CFC552A1BA9}.Debug|Any CPU.Build.0 = Debug|Any CPU
		{19C345A1-009E-4B17-800B-1CFC552A1BA9}.Release|Any CPU.ActiveCfg = Release|Any CPU
		{19C345A1-009E-4B17-800B-1CFC552A1BA9}.Release|Any CPU.Build.0 = Release|Any CPU
		{72348769-24B4-4751-98F0-B752407CB00E}.Debug|Any CPU.ActiveCfg = Debug|Any CPU
		{72348769-24B4-4751-98F0-B752407CB00E}.Debug|Any CPU.Build.0 = Debug|Any CPU
		{72348769-24B4-4751-98F0-B752407CB00E}.Release|Any CPU.ActiveCfg = Release|Any CPU
		{72348769-24B4-4751-98F0-B752407CB00E}.Release|Any CPU.Build.0 = Release|Any CPU
		{138FAB02-6DDB-4F96-B04A-376C1AC37C33}.Debug|Any CPU.ActiveCfg = Debug|Any CPU
		{138FAB02-6DDB-4F96-B04A-376C1AC37C33}.Debug|Any CPU.Build.0 = Debug|Any CPU
		{138FAB02-6DDB-4F96-B04A-376C1AC37C33}.Release|Any CPU.ActiveCfg = Release|Any CPU
		{138FAB02-6DDB-4F96-B04A-376C1AC37C33}.Release|Any CPU.Build.0 = Release|Any CPU
		{1314C18A-B7DE-4489-A625-C978CDA5605F}.Debug|Any CPU.ActiveCfg = Debug|Any CPU
		{1314C18A-B7DE-4489-A625-C978CDA5605F}.Debug|Any CPU.Build.0 = Debug|Any CPU
		{1314C18A-B7DE-4489-A625-C978CDA5605F}.Release|Any CPU.ActiveCfg = Release|Any CPU
		{1314C18A-B7DE-4489-A625-C978CDA5605F}.Release|Any CPU.Build.0 = Release|Any CPU
		{A7CD8CC1-F568-4E52-8C3A-6DCBF9BDA6C0}.Debug|Any CPU.ActiveCfg = Debug|Any CPU
		{A7CD8CC1-F568-4E52-8C3A-6DCBF9BDA6C0}.Debug|Any CPU.Build.0 = Debug|Any CPU
		{A7CD8CC1-F568-4E52-8C3A-6DCBF9BDA6C0}.Release|Any CPU.ActiveCfg = Release|Any CPU
		{A7CD8CC1-F568-4E52-8C3A-6DCBF9BDA6C0}.Release|Any CPU.Build.0 = Release|Any CPU
		{578D3A4C-B4F1-444D-B569-A38EA01A7E13}.Debug|Any CPU.ActiveCfg = Debug|Any CPU
		{578D3A4C-B4F1-444D-B569-A38EA01A7E13}.Debug|Any CPU.Build.0 = Debug|Any CPU
		{578D3A4C-B4F1-444D-B569-A38EA01A7E13}.Release|Any CPU.ActiveCfg = Release|Any CPU
		{578D3A4C-B4F1-444D-B569-A38EA01A7E13}.Release|Any CPU.Build.0 = Release|Any CPU
		{2028E36D-A662-4CCB-B51B-F39D3E92C487}.Debug|Any CPU.ActiveCfg = Debug|Any CPU
		{2028E36D-A662-4CCB-B51B-F39D3E92C487}.Debug|Any CPU.Build.0 = Debug|Any CPU
		{2028E36D-A662-4CCB-B51B-F39D3E92C487}.Release|Any CPU.ActiveCfg = Release|Any CPU
		{2028E36D-A662-4CCB-B51B-F39D3E92C487}.Release|Any CPU.Build.0 = Release|Any CPU
		{F81E7A67-157E-48EA-B516-5D429CD2E340}.Debug|Any CPU.ActiveCfg = Debug|Any CPU
		{F81E7A67-157E-48EA-B516-5D429CD2E340}.Debug|Any CPU.Build.0 = Debug|Any CPU
		{F81E7A67-157E-48EA-B516-5D429CD2E340}.Release|Any CPU.ActiveCfg = Release|Any CPU
		{F81E7A67-157E-48EA-B516-5D429CD2E340}.Release|Any CPU.Build.0 = Release|Any CPU
		{DEEEBFA9-F4CF-4896-B565-D339133000FE}.Debug|Any CPU.ActiveCfg = Debug|Any CPU
		{DEEEBFA9-F4CF-4896-B565-D339133000FE}.Debug|Any CPU.Build.0 = Debug|Any CPU
		{DEEEBFA9-F4CF-4896-B565-D339133000FE}.Release|Any CPU.ActiveCfg = Release|Any CPU
		{DEEEBFA9-F4CF-4896-B565-D339133000FE}.Release|Any CPU.Build.0 = Release|Any CPU
		{07715F2D-2671-4852-9F15-349F2282DD1E}.Debug|Any CPU.ActiveCfg = Debug|Any CPU
		{07715F2D-2671-4852-9F15-349F2282DD1E}.Debug|Any CPU.Build.0 = Debug|Any CPU
		{07715F2D-2671-4852-9F15-349F2282DD1E}.Release|Any CPU.ActiveCfg = Release|Any CPU
		{07715F2D-2671-4852-9F15-349F2282DD1E}.Release|Any CPU.Build.0 = Release|Any CPU
		{A3E248E9-7668-4A62-97F3-2FFD316F1D66}.Debug|Any CPU.ActiveCfg = Debug|Any CPU
		{A3E248E9-7668-4A62-97F3-2FFD316F1D66}.Debug|Any CPU.Build.0 = Debug|Any CPU
		{A3E248E9-7668-4A62-97F3-2FFD316F1D66}.Release|Any CPU.ActiveCfg = Release|Any CPU
		{A3E248E9-7668-4A62-97F3-2FFD316F1D66}.Release|Any CPU.Build.0 = Release|Any CPU
	EndGlobalSection
	GlobalSection(SolutionProperties) = preSolution
		HideSolutionNode = FALSE
	EndGlobalSection
	GlobalSection(NestedProjects) = preSolution
		{65552297-33D2-4AE8-8E56-C9F19BD2669B} = {68FBF1E4-8B7C-475D-8623-68CA07D02E83}
		{66B214CE-D352-41CE-B66C-03CCE585ED79} = {65552297-33D2-4AE8-8E56-C9F19BD2669B}
		{6CD893EE-3965-4485-B740-CF533A833639} = {65552297-33D2-4AE8-8E56-C9F19BD2669B}
		{7CB9B90B-ADFB-4B9F-B213-6317F6B57C56} = {68FBF1E4-8B7C-475D-8623-68CA07D02E83}
		{56B67CEE-71CA-491E-8518-78DF48360CE9} = {7CB9B90B-ADFB-4B9F-B213-6317F6B57C56}
		{72B82BDC-C1D8-4D55-9488-93F861F9C1C7} = {56B67CEE-71CA-491E-8518-78DF48360CE9}
		{D1E6F0E0-0D43-4DBF-A2DE-854BFD65BF96} = {68FBF1E4-8B7C-475D-8623-68CA07D02E83}
		{F6BAD055-A13C-4B5D-83D6-9ED49667C0BF} = {D1E6F0E0-0D43-4DBF-A2DE-854BFD65BF96}
		{16DB0E26-E59E-4D88-B842-8DEA1845794B} = {7CB9B90B-ADFB-4B9F-B213-6317F6B57C56}
		{D5063F0E-2722-4A26-BE4D-D1A5F23AA7BE} = {16DB0E26-E59E-4D88-B842-8DEA1845794B}
		{278AA0E5-0F9D-4876-9DEB-CDA074BFB229} = {16DB0E26-E59E-4D88-B842-8DEA1845794B}
		{A46EDE0B-2111-48AC-BC80-288A36AA82E0} = {2E6864AF-3629-4575-AC8D-E857DEFEC298}
		{9663E74A-04F1-473B-A64B-ACC102751AB7} = {A46EDE0B-2111-48AC-BC80-288A36AA82E0}
		{2AAE4FA2-013D-40B5-8F6B-BE74B695312C} = {A46EDE0B-2111-48AC-BC80-288A36AA82E0}
		{FAB98041-63D2-4994-B82C-B9521B7F73A7} = {2E6864AF-3629-4575-AC8D-E857DEFEC298}
		{72CE32A1-34E9-4CFD-8601-519FDD33D264} = {FAB98041-63D2-4994-B82C-B9521B7F73A7}
		{19C345A1-009E-4B17-800B-1CFC552A1BA9} = {72CE32A1-34E9-4CFD-8601-519FDD33D264}
		{72348769-24B4-4751-98F0-B752407CB00E} = {72CE32A1-34E9-4CFD-8601-519FDD33D264}
		{1C00D48C-3626-4939-AB02-3125AD79B478} = {2E6864AF-3629-4575-AC8D-E857DEFEC298}
		{138FAB02-6DDB-4F96-B04A-376C1AC37C33} = {1C00D48C-3626-4939-AB02-3125AD79B478}
		{1314C18A-B7DE-4489-A625-C978CDA5605F} = {65552297-33D2-4AE8-8E56-C9F19BD2669B}
		{575CF619-CACD-4109-86F5-5C7F1C5F9E34} = {7CB9B90B-ADFB-4B9F-B213-6317F6B57C56}
		{A7CD8CC1-F568-4E52-8C3A-6DCBF9BDA6C0} = {575CF619-CACD-4109-86F5-5C7F1C5F9E34}
		{578D3A4C-B4F1-444D-B569-A38EA01A7E13} = {72CE32A1-34E9-4CFD-8601-519FDD33D264}
		{2028E36D-A662-4CCB-B51B-F39D3E92C487} = {16DB0E26-E59E-4D88-B842-8DEA1845794B}
		{F81E7A67-157E-48EA-B516-5D429CD2E340} = {575CF619-CACD-4109-86F5-5C7F1C5F9E34}
		{DEEEBFA9-F4CF-4896-B565-D339133000FE} = {56B67CEE-71CA-491E-8518-78DF48360CE9}
		{07715F2D-2671-4852-9F15-349F2282DD1E} = {72CE32A1-34E9-4CFD-8601-519FDD33D264}
		{A3E248E9-7668-4A62-97F3-2FFD316F1D66} = {3F409B32-DB79-41E2-ADF2-AA4D0F041489}
		{E7A2BF93-6025-4E2B-BF9C-A07A6ECC9F66} = {2E6864AF-3629-4575-AC8D-E857DEFEC298}
	EndGlobalSection
	GlobalSection(ExtensibilityGlobals) = postSolution
		SolutionGuid = {205E35E8-C906-40DE-AC18-1C7D76A04B2E}
	EndGlobalSection
EndGlobal
